<Solution>
  <Project Path="Arrays/Arrays.csproj" Id="594c5ffd-cc5f-42f7-a6fe-e930b998d4f2" />
  <Project Path="ConditionalStatements/ConditionalStatements.csproj" Id="71b3c502-bf8d-4228-b2f3-f6e93621b099" />
  <Project Path="ConsoleAppErrors/ConsoleAppErrors.csproj" Id="84ebf899-2bca-49e5-af29-61ecb2344461" />
  <Project Path="ConstructorApp/ConstructorApp.csproj" Id="90ced037-67a7-4534-8528-05e9a27dd074" />
  <Project Path="DotNete4PmBatch/DotNete4PmBatch.csproj" Id="09b3c536-5ed8-4e5f-a9d1-169153f88f69" />
  <Project Path="Inheritance/Inheritance.csproj" Id="686af42c-4b63-4250-9a54-8cea062e90a2" />
  <Project Path="Loops/Loops.csproj" Id="50141f4c-cfce-420b-9bf3-2aeeceb5d922" />
  <Project Path="Methods/Methods.csproj" Id="6c6134cb-8909-4b7a-a929-4b3bac2b9c82" />
  <Project Path="OopsConsoleProject/OopsConsoleProject.csproj" Id="962a3c54-082b-4671-84e5-a57f36c335f6" />
  <Project Path="Operators/Operators.csproj" Id="9702e182-e697-42eb-ae38-e26f81d12a4b" />
  <Project Path="Polymporphism/Polymporphism.csproj" Id="c2fdd56c-18a4-490d-8093-5e0445e31d18" />
  <Project Path="UserDefinedMethods/UserDefinedMethods.csproj" Id="8d6ebc41-d2bb-4967-910d-5aff0b6fcb9c" />
</Solution>
